
Microsoft Visual Studio Solution File, Format Version 12.00
# Visual Studio Version 17
VisualStudioVersion = 17.9.34310.174
MinimumVisualStudioVersion = 10.0.40219.1
Project("{9A19103F-16F7-4668-BE54-9A1E7A4F7556}") = "WebApplication1", "WebApplication1\WebApplication1.csproj", "{CBEA5B79-B92E-41CD-B169-DCFFE90BCE7D}"
EndProject
Global
	GlobalSection(SolutionConfigurationPlatforms) = preSolution
		Debug|Any CPU = Debug|Any CPU
		Release|Any CPU = Release|Any CPU
	EndGlobalSection
	GlobalSection(ProjectConfigurationPlatforms) = postSolution
		{CBEA5B79-B92E-41CD-B169-DCFFE90BCE7D}.Debug|Any CPU.ActiveCfg = Debug|Any CPU
		{CBEA5B79-B92E-41CD-B169-DCFFE90BCE7D}.Debug|Any CPU.Build.0 = Debug|Any CPU
		{CBEA5B79-B92E-41CD-B169-DCFFE90BCE7D}.Release|Any CPU.ActiveCfg = Release|Any CPU
		{CBEA5B79-B92E-41CD-B169-DCFFE90BCE7D}.Release|Any CPU.Build.0 = Release|Any CPU
	EndGlobalSection
	GlobalSection(SolutionProperties) = preSolution
		HideSolutionNode = FALSE
	EndGlobalSection
	GlobalSection(ExtensibilityGlobals) = postSolution
		SolutionGuid = {7142C6B6-DF95-44FD-B091-9B0672C01600}
	EndGlobalSection
EndGlobal
